// !$*UTF8*$!
{
	archiveVersion = 1;
	classes = {
	};
	objectVersion = 46;
	objects = {

/* Begin PBXBuildFile section */
		7208D7B21667F7E10092C686 /* CoreData.framework in Frameworks */ = {isa = PBXBuildFile; fileRef = 7208D7B11667F7E10092C686 /* CoreData.framework */; };
		726E7F141662B44000B7BC0F /* UIKit.framework in Frameworks */ = {isa = PBXBuildFile; fileRef = 726E7F131662B44000B7BC0F /* UIKit.framework */; };
		726E7F161662B44000B7BC0F /* Foundation.framework in Frameworks */ = {isa = PBXBuildFile; fileRef = 726E7F151662B44000B7BC0F /* Foundation.framework */; };
		726E7F181662B44000B7BC0F /* CoreGraphics.framework in Frameworks */ = {isa = PBXBuildFile; fileRef = 726E7F171662B44000B7BC0F /* CoreGraphics.framework */; };
		726E7F1E1662B44000B7BC0F /* InfoPlist.strings in Resources */ = {isa = PBXBuildFile; fileRef = 726E7F1C1662B44000B7BC0F /* InfoPlist.strings */; };
		726E7F201662B44000B7BC0F /* main.m in Sources */ = {isa = PBXBuildFile; fileRef = 726E7F1F1662B44000B7BC0F /* main.m */; };
		726E7F241662B44000B7BC0F /* RHAppDelegate.m in Sources */ = {isa = PBXBuildFile; fileRef = 726E7F231662B44000B7BC0F /* RHAppDelegate.m */; };
		726E7F261662B44000B7BC0F /* Default.png in Resources */ = {isa = PBXBuildFile; fileRef = 726E7F251662B44000B7BC0F /* Default.png */; };
		726E7F281662B44000B7BC0F /* Default@2x.png in Resources */ = {isa = PBXBuildFile; fileRef = 726E7F271662B44000B7BC0F /* Default@2x.png */; };
		726E7F2A1662B44000B7BC0F /* Default-568h@2x.png in Resources */ = {isa = PBXBuildFile; fileRef = 726E7F291662B44000B7BC0F /* Default-568h@2x.png */; };
		726E7F3A1662B4B000B7BC0F /* RHAddBaseStationViewController.m in Sources */ = {isa = PBXBuildFile; fileRef = 726E7F381662B4B000B7BC0F /* RHAddBaseStationViewController.m */; };
		726E7F3B1662B4B000B7BC0F /* RHAddBaseStationViewController.xib in Resources */ = {isa = PBXBuildFile; fileRef = 726E7F391662B4B000B7BC0F /* RHAddBaseStationViewController.xib */; };
		726E7F491662BB7700B7BC0F /* RHFirstTimeInstructionViewController.m in Sources */ = {isa = PBXBuildFile; fileRef = 726E7F471662BB7700B7BC0F /* RHFirstTimeInstructionViewController.m */; };
		726E7F4A1662BB7700B7BC0F /* RHFirstTimeInstructionViewController.xib in Resources */ = {isa = PBXBuildFile; fileRef = 726E7F481662BB7700B7BC0F /* RHFirstTimeInstructionViewController.xib */; };
		729246A316A1E8DD00229045 /* RHErrorViewController.m in Sources */ = {isa = PBXBuildFile; fileRef = 729246A216A1E8DD00229045 /* RHErrorViewController.m */; };
		729246A616A1E90A00229045 /* RHErrorViewController.xib in Resources */ = {isa = PBXBuildFile; fileRef = 729246A516A1E90A00229045 /* RHErrorViewController.xib */; };
		729246A816A2427700229045 /* QuartzCore.framework in Frameworks */ = {isa = PBXBuildFile; fileRef = 729246A716A2427700229045 /* QuartzCore.framework */; };
		72AB7145169CF1BF00A478E4 /* RHDeviceModel.m in Sources */ = {isa = PBXBuildFile; fileRef = 72AB7144169CF1BF00A478E4 /* RHDeviceModel.m */; };
		72AB7149169D03ED00A478E4 /* RHUpdateBaseStationViewController.m in Sources */ = {isa = PBXBuildFile; fileRef = 72AB7148169D03ED00A478E4 /* RHUpdateBaseStationViewController.m */; };
		72AB714B169D041100A478E4 /* RHUpdateBaseStationViewController.xib in Resources */ = {isa = PBXBuildFile; fileRef = 72AB714A169D041100A478E4 /* RHUpdateBaseStationViewController.xib */; };
		72C3E189169E37EA00570705 /* RHDeviceViewController.m in Sources */ = {isa = PBXBuildFile; fileRef = 72C3E188169E37EA00570705 /* RHDeviceViewController.m */; };
		72C3E18F169E486200570705 /* CMPopTipView.m in Sources */ = {isa = PBXBuildFile; fileRef = 72C3E18E169E485100570705 /* CMPopTipView.m */; settings = {COMPILER_FLAGS = "-fno-objc-arc"; }; };
		72E346FB1696642300BEE6F5 /* RHBaseStationTableViewController.m in Sources */ = {isa = PBXBuildFile; fileRef = 72E346F91696642300BEE6F5 /* RHBaseStationTableViewController.m */; };
		72F2D821168F9F1E004C459D /* RHNetworkEngine.m in Sources */ = {isa = PBXBuildFile; fileRef = 72F2D820168F9F1D004C459D /* RHNetworkEngine.m */; };
		72FC8F0616681D6900B1D887 /* RemoteHome.xcdatamodel in Sources */ = {isa = PBXBuildFile; fileRef = 72FC8F0516681D6900B1D887 /* RemoteHome.xcdatamodel */; };
		72FC8F0C16681DA200B1D887 /* RHBaseStationModel.m in Sources */ = {isa = PBXBuildFile; fileRef = 72FC8F0B16681DA200B1D887 /* RHBaseStationModel.m */; };
/* End PBXBuildFile section */

/* Begin PBXFileReference section */
		7208D7B11667F7E10092C686 /* CoreData.framework */ = {isa = PBXFileReference; lastKnownFileType = wrapper.framework; name = CoreData.framework; path = System/Library/Frameworks/CoreData.framework; sourceTree = SDKROOT; };
		726E7F0F1662B44000B7BC0F /* RemoteHome.app */ = {isa = PBXFileReference; explicitFileType = wrapper.application; includeInIndex = 0; path = RemoteHome.app; sourceTree = BUILT_PRODUCTS_DIR; };
		726E7F131662B44000B7BC0F /* UIKit.framework */ = {isa = PBXFileReference; lastKnownFileType = wrapper.framework; name = UIKit.framework; path = System/Library/Frameworks/UIKit.framework; sourceTree = SDKROOT; };
		726E7F151662B44000B7BC0F /* Foundation.framework */ = {isa = PBXFileReference; lastKnownFileType = wrapper.framework; name = Foundation.framework; path = System/Library/Frameworks/Foundation.framework; sourceTree = SDKROOT; };
		726E7F171662B44000B7BC0F /* CoreGraphics.framework */ = {isa = PBXFileReference; lastKnownFileType = wrapper.framework; name = CoreGraphics.framework; path = System/Library/Frameworks/CoreGraphics.framework; sourceTree = SDKROOT; };
		726E7F1B1662B44000B7BC0F /* RemoteHome-Info.plist */ = {isa = PBXFileReference; lastKnownFileType = text.plist.xml; path = "RemoteHome-Info.plist"; sourceTree = "<group>"; };
		726E7F1D1662B44000B7BC0F /* en */ = {isa = PBXFileReference; lastKnownFileType = text.plist.strings; name = en; path = en.lproj/InfoPlist.strings; sourceTree = "<group>"; };
		726E7F1F1662B44000B7BC0F /* main.m */ = {isa = PBXFileReference; lastKnownFileType = sourcecode.c.objc; path = main.m; sourceTree = "<group>"; };
		726E7F211662B44000B7BC0F /* RemoteHome-Prefix.pch */ = {isa = PBXFileReference; lastKnownFileType = sourcecode.c.h; path = "RemoteHome-Prefix.pch"; sourceTree = "<group>"; };
		726E7F221662B44000B7BC0F /* RHAppDelegate.h */ = {isa = PBXFileReference; lastKnownFileType = sourcecode.c.h; path = RHAppDelegate.h; sourceTree = "<group>"; };
		726E7F231662B44000B7BC0F /* RHAppDelegate.m */ = {isa = PBXFileReference; lastKnownFileType = sourcecode.c.objc; path = RHAppDelegate.m; sourceTree = "<group>"; };
		726E7F251662B44000B7BC0F /* Default.png */ = {isa = PBXFileReference; lastKnownFileType = image.png; path = Default.png; sourceTree = "<group>"; };
		726E7F271662B44000B7BC0F /* Default@2x.png */ = {isa = PBXFileReference; lastKnownFileType = image.png; path = "Default@2x.png"; sourceTree = "<group>"; };
		726E7F291662B44000B7BC0F /* Default-568h@2x.png */ = {isa = PBXFileReference; lastKnownFileType = image.png; path = "Default-568h@2x.png"; sourceTree = "<group>"; };
		726E7F371662B4B000B7BC0F /* RHAddBaseStationViewController.h */ = {isa = PBXFileReference; fileEncoding = 4; lastKnownFileType = sourcecode.c.h; path = RHAddBaseStationViewController.h; sourceTree = "<group>"; };
		726E7F381662B4B000B7BC0F /* RHAddBaseStationViewController.m */ = {isa = PBXFileReference; fileEncoding = 4; lastKnownFileType = sourcecode.c.objc; path = RHAddBaseStationViewController.m; sourceTree = "<group>"; };
		726E7F391662B4B000B7BC0F /* RHAddBaseStationViewController.xib */ = {isa = PBXFileReference; fileEncoding = 4; lastKnownFileType = file.xib; path = RHAddBaseStationViewController.xib; sourceTree = "<group>"; };
		726E7F461662BB7700B7BC0F /* RHFirstTimeInstructionViewController.h */ = {isa = PBXFileReference; fileEncoding = 4; lastKnownFileType = sourcecode.c.h; path = RHFirstTimeInstructionViewController.h; sourceTree = "<group>"; };
		726E7F471662BB7700B7BC0F /* RHFirstTimeInstructionViewController.m */ = {isa = PBXFileReference; fileEncoding = 4; lastKnownFileType = sourcecode.c.objc; path = RHFirstTimeInstructionViewController.m; sourceTree = "<group>"; };
		726E7F481662BB7700B7BC0F /* RHFirstTimeInstructionViewController.xib */ = {isa = PBXFileReference; fileEncoding = 4; lastKnownFileType = file.xib; path = RHFirstTimeInstructionViewController.xib; sourceTree = "<group>"; };
		729246A116A1E8DD00229045 /* RHErrorViewController.h */ = {isa = PBXFileReference; fileEncoding = 4; lastKnownFileType = sourcecode.c.h; path = RHErrorViewController.h; sourceTree = "<group>"; };
		729246A216A1E8DD00229045 /* RHErrorViewController.m */ = {isa = PBXFileReference; fileEncoding = 4; lastKnownFileType = sourcecode.c.objc; path = RHErrorViewController.m; sourceTree = "<group>"; };
		729246A516A1E90A00229045 /* RHErrorViewController.xib */ = {isa = PBXFileReference; fileEncoding = 4; lastKnownFileType = file.xib; path = RHErrorViewController.xib; sourceTree = "<group>"; };
		729246A716A2427700229045 /* QuartzCore.framework */ = {isa = PBXFileReference; lastKnownFileType = wrapper.framework; name = QuartzCore.framework; path = System/Library/Frameworks/QuartzCore.framework; sourceTree = SDKROOT; };
		72AB7143169CF1BF00A478E4 /* RHDeviceModel.h */ = {isa = PBXFileReference; fileEncoding = 4; lastKnownFileType = sourcecode.c.h; path = RHDeviceModel.h; sourceTree = "<group>"; };
		72AB7144169CF1BF00A478E4 /* RHDeviceModel.m */ = {isa = PBXFileReference; fileEncoding = 4; lastKnownFileType = sourcecode.c.objc; path = RHDeviceModel.m; sourceTree = "<group>"; };
		72AB7147169D03ED00A478E4 /* RHUpdateBaseStationViewController.h */ = {isa = PBXFileReference; fileEncoding = 4; lastKnownFileType = sourcecode.c.h; path = RHUpdateBaseStationViewController.h; sourceTree = "<group>"; };
		72AB7148169D03ED00A478E4 /* RHUpdateBaseStationViewController.m */ = {isa = PBXFileReference; fileEncoding = 4; lastKnownFileType = sourcecode.c.objc; path = RHUpdateBaseStationViewController.m; sourceTree = "<group>"; };
		72AB714A169D041100A478E4 /* RHUpdateBaseStationViewController.xib */ = {isa = PBXFileReference; fileEncoding = 4; lastKnownFileType = file.xib; path = RHUpdateBaseStationViewController.xib; sourceTree = "<group>"; };
		72C3E187169E37EA00570705 /* RHDeviceViewController.h */ = {isa = PBXFileReference; fileEncoding = 4; lastKnownFileType = sourcecode.c.h; path = RHDeviceViewController.h; sourceTree = "<group>"; };
		72C3E188169E37EA00570705 /* RHDeviceViewController.m */ = {isa = PBXFileReference; fileEncoding = 4; lastKnownFileType = sourcecode.c.objc; path = RHDeviceViewController.m; sourceTree = "<group>"; };
		72C3E18D169E485100570705 /* CMPopTipView.h */ = {isa = PBXFileReference; lastKnownFileType = sourcecode.c.h; path = CMPopTipView.h; sourceTree = "<group>"; };
		72C3E18E169E485100570705 /* CMPopTipView.m */ = {isa = PBXFileReference; lastKnownFileType = sourcecode.c.objc; path = CMPopTipView.m; sourceTree = "<group>"; };
		72E346F81696642300BEE6F5 /* RHBaseStationTableViewController.h */ = {isa = PBXFileReference; fileEncoding = 4; lastKnownFileType = sourcecode.c.h; path = RHBaseStationTableViewController.h; sourceTree = "<group>"; };
		72E346F91696642300BEE6F5 /* RHBaseStationTableViewController.m */ = {isa = PBXFileReference; fileEncoding = 4; lastKnownFileType = sourcecode.c.objc; path = RHBaseStationTableViewController.m; sourceTree = "<group>"; };
		72F2D81F168F9F1D004C459D /* RHNetworkEngine.h */ = {isa = PBXFileReference; fileEncoding = 4; lastKnownFileType = sourcecode.c.h; path = RHNetworkEngine.h; sourceTree = "<group>"; };
		72F2D820168F9F1D004C459D /* RHNetworkEngine.m */ = {isa = PBXFileReference; fileEncoding = 4; lastKnownFileType = sourcecode.c.objc; path = RHNetworkEngine.m; sourceTree = "<group>"; };
		72FC8F0516681D6900B1D887 /* RemoteHome.xcdatamodel */ = {isa = PBXFileReference; lastKnownFileType = wrapper.xcdatamodel; path = RemoteHome.xcdatamodel; sourceTree = "<group>"; };
		72FC8F0A16681DA200B1D887 /* RHBaseStationModel.h */ = {isa = PBXFileReference; fileEncoding = 4; lastKnownFileType = sourcecode.c.h; name = RHBaseStationModel.h; path = ../RHBaseStationModel.h; sourceTree = "<group>"; };
		72FC8F0B16681DA200B1D887 /* RHBaseStationModel.m */ = {isa = PBXFileReference; fileEncoding = 4; lastKnownFileType = sourcecode.c.objc; name = RHBaseStationModel.m; path = ../RHBaseStationModel.m; sourceTree = "<group>"; };
/* End PBXFileReference section */

/* Begin PBXFrameworksBuildPhase section */
		726E7F0C1662B44000B7BC0F /* Frameworks */ = {
			isa = PBXFrameworksBuildPhase;
			buildActionMask = 2147483647;
			files = (
				729246A816A2427700229045 /* QuartzCore.framework in Frameworks */,
				7208D7B21667F7E10092C686 /* CoreData.framework in Frameworks */,
				726E7F141662B44000B7BC0F /* UIKit.framework in Frameworks */,
				726E7F161662B44000B7BC0F /* Foundation.framework in Frameworks */,
				726E7F181662B44000B7BC0F /* CoreGraphics.framework in Frameworks */,
			);
			runOnlyForDeploymentPostprocessing = 0;
		};
/* End PBXFrameworksBuildPhase section */

/* Begin PBXGroup section */
		724C523F1662D25E00B17F1A /* Models */ = {
			isa = PBXGroup;
			children = (
				72F2D81F168F9F1D004C459D /* RHNetworkEngine.h */,
				72F2D820168F9F1D004C459D /* RHNetworkEngine.m */,
				72FC8F0516681D6900B1D887 /* RemoteHome.xcdatamodel */,
				72FC8F0A16681DA200B1D887 /* RHBaseStationModel.h */,
				72FC8F0B16681DA200B1D887 /* RHBaseStationModel.m */,
				72AB7143169CF1BF00A478E4 /* RHDeviceModel.h */,
				72AB7144169CF1BF00A478E4 /* RHDeviceModel.m */,
			);
			name = Models;
			sourceTree = "<group>";
		};
		726E7F041662B44000B7BC0F = {
			isa = PBXGroup;
			children = (
				726E7F191662B44000B7BC0F /* RemoteHome */,
				726E7F121662B44000B7BC0F /* Frameworks */,
				726E7F101662B44000B7BC0F /* Products */,
			);
			sourceTree = "<group>";
		};
		726E7F101662B44000B7BC0F /* Products */ = {
			isa = PBXGroup;
			children = (
				726E7F0F1662B44000B7BC0F /* RemoteHome.app */,
			);
			name = Products;
			sourceTree = "<group>";
		};
		726E7F121662B44000B7BC0F /* Frameworks */ = {
			isa = PBXGroup;
			children = (
				729246A716A2427700229045 /* QuartzCore.framework */,
				7208D7B11667F7E10092C686 /* CoreData.framework */,
				726E7F131662B44000B7BC0F /* UIKit.framework */,
				726E7F151662B44000B7BC0F /* Foundation.framework */,
				726E7F171662B44000B7BC0F /* CoreGraphics.framework */,
			);
			name = Frameworks;
			sourceTree = "<group>";
		};
		726E7F191662B44000B7BC0F /* RemoteHome */ = {
			isa = PBXGroup;
			children = (
				72C3E18C169E481D00570705 /* CMPopTipView */,
				724C523F1662D25E00B17F1A /* Models */,
				726E7F361662B49000B7BC0F /* View Controllers */,
				726E7F341662B47F00B7BC0F /* nibs */,
				726E7F221662B44000B7BC0F /* RHAppDelegate.h */,
				726E7F231662B44000B7BC0F /* RHAppDelegate.m */,
				726E7F1A1662B44000B7BC0F /* Supporting Files */,
			);
			path = RemoteHome;
			sourceTree = "<group>";
		};
		726E7F1A1662B44000B7BC0F /* Supporting Files */ = {
			isa = PBXGroup;
			children = (
				726E7F1B1662B44000B7BC0F /* RemoteHome-Info.plist */,
				726E7F1C1662B44000B7BC0F /* InfoPlist.strings */,
				726E7F1F1662B44000B7BC0F /* main.m */,
				726E7F211662B44000B7BC0F /* RemoteHome-Prefix.pch */,
				726E7F251662B44000B7BC0F /* Default.png */,
				726E7F271662B44000B7BC0F /* Default@2x.png */,
				726E7F291662B44000B7BC0F /* Default-568h@2x.png */,
			);
			name = "Supporting Files";
			sourceTree = "<group>";
		};
		726E7F341662B47F00B7BC0F /* nibs */ = {
			isa = PBXGroup;
			children = (
				726E7F481662BB7700B7BC0F /* RHFirstTimeInstructionViewController.xib */,
				726E7F391662B4B000B7BC0F /* RHAddBaseStationViewController.xib */,
				72AB714A169D041100A478E4 /* RHUpdateBaseStationViewController.xib */,
				729246A516A1E90A00229045 /* RHErrorViewController.xib */,
			);
			name = nibs;
			sourceTree = "<group>";
		};
		726E7F361662B49000B7BC0F /* View Controllers */ = {
			isa = PBXGroup;
			children = (
				726E7F371662B4B000B7BC0F /* RHAddBaseStationViewController.h */,
				726E7F381662B4B000B7BC0F /* RHAddBaseStationViewController.m */,
				726E7F461662BB7700B7BC0F /* RHFirstTimeInstructionViewController.h */,
				726E7F471662BB7700B7BC0F /* RHFirstTimeInstructionViewController.m */,
				72E346F81696642300BEE6F5 /* RHBaseStationTableViewController.h */,
				72E346F91696642300BEE6F5 /* RHBaseStationTableViewController.m */,
				72AB7147169D03ED00A478E4 /* RHUpdateBaseStationViewController.h */,
				72AB7148169D03ED00A478E4 /* RHUpdateBaseStationViewController.m */,
				72C3E187169E37EA00570705 /* RHDeviceViewController.h */,
				72C3E188169E37EA00570705 /* RHDeviceViewController.m */,
				729246A116A1E8DD00229045 /* RHErrorViewController.h */,
				729246A216A1E8DD00229045 /* RHErrorViewController.m */,
			);
			name = "View Controllers";
			sourceTree = "<group>";
		};
		72C3E18C169E481D00570705 /* CMPopTipView */ = {
			isa = PBXGroup;
			children = (
				72C3E18D169E485100570705 /* CMPopTipView.h */,
				72C3E18E169E485100570705 /* CMPopTipView.m */,
			);
			name = CMPopTipView;
			sourceTree = "<group>";
		};
/* End PBXGroup section */

/* Begin PBXNativeTarget section */
		726E7F0E1662B44000B7BC0F /* RemoteHome */ = {
			isa = PBXNativeTarget;
			buildConfigurationList = 726E7F2D1662B44000B7BC0F /* Build configuration list for PBXNativeTarget "RemoteHome" */;
			buildPhases = (
				726E7F0B1662B44000B7BC0F /* Sources */,
				726E7F0C1662B44000B7BC0F /* Frameworks */,
				726E7F0D1662B44000B7BC0F /* Resources */,
			);
			buildRules = (
			);
			dependencies = (
			);
			name = RemoteHome;
			productName = RemoteHome;
			productReference = 726E7F0F1662B44000B7BC0F /* RemoteHome.app */;
			productType = "com.apple.product-type.application";
		};
/* End PBXNativeTarget section */

/* Begin PBXProject section */
		726E7F061662B44000B7BC0F /* Project object */ = {
			isa = PBXProject;
			attributes = {
				CLASSPREFIX = RH;
				LastUpgradeCheck = 0450;
				ORGANIZATIONNAME = "James Wiegand";
			};
			buildConfigurationList = 726E7F091662B44000B7BC0F /* Build configuration list for PBXProject "RemoteHome" */;
			compatibilityVersion = "Xcode 3.2";
			developmentRegion = English;
			hasScannedForEncodings = 0;
			knownRegions = (
				en,
			);
			mainGroup = 726E7F041662B44000B7BC0F;
			productRefGroup = 726E7F101662B44000B7BC0F /* Products */;
			projectDirPath = "";
			projectRoot = "";
			targets = (
				726E7F0E1662B44000B7BC0F /* RemoteHome */,
			);
		};
/* End PBXProject section */

/* Begin PBXResourcesBuildPhase section */
		726E7F0D1662B44000B7BC0F /* Resources */ = {
			isa = PBXResourcesBuildPhase;
			buildActionMask = 2147483647;
			files = (
				726E7F1E1662B44000B7BC0F /* InfoPlist.strings in Resources */,
				726E7F261662B44000B7BC0F /* Default.png in Resources */,
				726E7F281662B44000B7BC0F /* Default@2x.png in Resources */,
				726E7F2A1662B44000B7BC0F /* Default-568h@2x.png in Resources */,
				726E7F3B1662B4B000B7BC0F /* RHAddBaseStationViewController.xib in Resources */,
				726E7F4A1662BB7700B7BC0F /* RHFirstTimeInstructionViewController.xib in Resources */,
				72AB714B169D041100A478E4 /* RHUpdateBaseStationViewController.xib in Resources */,
				729246A616A1E90A00229045 /* RHErrorViewController.xib in Resources */,
			);
			runOnlyForDeploymentPostprocessing = 0;
		};
/* End PBXResourcesBuildPhase section */

/* Begin PBXSourcesBuildPhase section */
		726E7F0B1662B44000B7BC0F /* Sources */ = {
			isa = PBXSourcesBuildPhase;
			buildActionMask = 2147483647;
			files = (
				72C3E18F169E486200570705 /* CMPopTipView.m in Sources */,
				726E7F201662B44000B7BC0F /* main.m in Sources */,
				726E7F241662B44000B7BC0F /* RHAppDelegate.m in Sources */,
				726E7F3A1662B4B000B7BC0F /* RHAddBaseStationViewController.m in Sources */,
				726E7F491662BB7700B7BC0F /* RHFirstTimeInstructionViewController.m in Sources */,
				72FC8F0616681D6900B1D887 /* RemoteHome.xcdatamodel in Sources */,
				72FC8F0C16681DA200B1D887 /* RHBaseStationModel.m in Sources */,
				72F2D821168F9F1E004C459D /* RHNetworkEngine.m in Sources */,
				72E346FB1696642300BEE6F5 /* RHBaseStationTableViewController.m in Sources */,
				72AB7145169CF1BF00A478E4 /* RHDeviceModel.m in Sources */,
				72AB7149169D03ED00A478E4 /* RHUpdateBaseStationViewController.m in Sources */,
				72C3E189169E37EA00570705 /* RHDeviceViewController.m in Sources */,
				729246A316A1E8DD00229045 /* RHErrorViewController.m in Sources */,
			);
			runOnlyForDeploymentPostprocessing = 0;
		};
/* End PBXSourcesBuildPhase section */

/* Begin PBXVariantGroup section */
		726E7F1C1662B44000B7BC0F /* InfoPlist.strings */ = {
			isa = PBXVariantGroup;
			children = (
				726E7F1D1662B44000B7BC0F /* en */,
			);
			name = InfoPlist.strings;
			sourceTree = "<group>";
		};
/* End PBXVariantGroup section */

/* Begin XCBuildConfiguration section */
		726E7F2B1662B44000B7BC0F /* Debug */ = {
			isa = XCBuildConfiguration;
			buildSettings = {
				ALWAYS_SEARCH_USER_PATHS = NO;
				CLANG_CXX_LANGUAGE_STANDARD = "gnu++0x";
				CLANG_CXX_LIBRARY = "libc++";
				CLANG_ENABLE_OBJC_ARC = YES;
				CLANG_WARN_EMPTY_BODY = YES;
				CLANG_WARN__DUPLICATE_METHOD_MATCH = YES;
				"CODE_SIGN_IDENTITY[sdk=iphoneos*]" = "iPhone Developer";
				COPY_PHASE_STRIP = NO;
				GCC_C_LANGUAGE_STANDARD = gnu99;
				GCC_DYNAMIC_NO_PIC = NO;
				GCC_OPTIMIZATION_LEVEL = 0;
				GCC_PREPROCESSOR_DEFINITIONS = (
					"DEBUG=1",
					"$(inherited)",
				);
				GCC_SYMBOLS_PRIVATE_EXTERN = NO;
				GCC_WARN_ABOUT_RETURN_TYPE = YES;
				GCC_WARN_UNINITIALIZED_AUTOS = YES;
				GCC_WARN_UNUSED_VARIABLE = YES;
				IPHONEOS_DEPLOYMENT_TARGET = 6.0;
				ONLY_ACTIVE_ARCH = YES;
				SDKROOT = iphoneos;
			};
			name = Debug;
		};
		726E7F2C1662B44000B7BC0F /* Release */ = {
			isa = XCBuildConfiguration;
			buildSettings = {
				ALWAYS_SEARCH_USER_PATHS = NO;
				CLANG_CXX_LANGUAGE_STANDARD = "gnu++0x";
				CLANG_CXX_LIBRARY = "libc++";
				CLANG_ENABLE_OBJC_ARC = YES;
				CLANG_WARN_EMPTY_BODY = YES;
				CLANG_WARN__DUPLICATE_METHOD_MATCH = YES;
				"CODE_SIGN_IDENTITY[sdk=iphoneos*]" = "iPhone Developer";
				COPY_PHASE_STRIP = YES;
				GCC_C_LANGUAGE_STANDARD = gnu99;
				GCC_WARN_ABOUT_RETURN_TYPE = YES;
				GCC_WARN_UNINITIALIZED_AUTOS = YES;
				GCC_WARN_UNUSED_VARIABLE = YES;
				IPHONEOS_DEPLOYMENT_TARGET = 6.0;
				OTHER_CFLAGS = "-DNS_BLOCK_ASSERTIONS=1";
				SDKROOT = iphoneos;
				VALIDATE_PRODUCT = YES;
			};
			name = Release;
		};
		726E7F2E1662B44000B7BC0F /* Debug */ = {
			isa = XCBuildConfiguration;
			buildSettings = {
				GCC_PRECOMPILE_PREFIX_HEADER = YES;
				GCC_PREFIX_HEADER = "RemoteHome/RemoteHome-Prefix.pch";
				INFOPLIST_FILE = "RemoteHome/RemoteHome-Info.plist";
				PRODUCT_NAME = "$(TARGET_NAME)";
				WRAPPER_EXTENSION = app;
			};
			name = Debug;
		};
		726E7F2F1662B44000B7BC0F /* Release */ = {
			isa = XCBuildConfiguration;
			buildSettings = {
				GCC_PRECOMPILE_PREFIX_HEADER = YES;
				GCC_PREFIX_HEADER = "RemoteHome/RemoteHome-Prefix.pch";
				INFOPLIST_FILE = "RemoteHome/RemoteHome-Info.plist";
				PRODUCT_NAME = "$(TARGET_NAME)";
				WRAPPER_EXTENSION = app;
			};
			name = Release;
		};
/* End XCBuildConfiguration section */

/* Begin XCConfigurationList section */
		726E7F091662B44000B7BC0F /* Build configuration list for PBXProject "RemoteHome" */ = {
			isa = XCConfigurationList;
			buildConfigurations = (
				726E7F2B1662B44000B7BC0F /* Debug */,
				726E7F2C1662B44000B7BC0F /* Release */,
			);
			defaultConfigurationIsVisible = 0;
			defaultConfigurationName = Release;
		};
		726E7F2D1662B44000B7BC0F /* Build configuration list for PBXNativeTarget "RemoteHome" */ = {
			isa = XCConfigurationList;
			buildConfigurations = (
				726E7F2E1662B44000B7BC0F /* Debug */,
				726E7F2F1662B44000B7BC0F /* Release */,
			);
			defaultConfigurationIsVisible = 0;
			defaultConfigurationName = Release;
		};
/* End XCConfigurationList section */
	};
	rootObject = 726E7F061662B44000B7BC0F /* Project object */;
}
